{
  "version": 4,
  "terraform_version": "1.5.7",
  "serial": 525,
  "lineage": "5338406d-dcf6-93a8-34c2-6eab69f0ebcf",
  "outputs": {
    "control_plane_public_ips": {
      "value": "ssh ubuntu@13.40.67.46 -o 'StrictHostKeyChecking = no' -i /Users/edrandall/.ssh/key_2023-12-11_2226.pub",
      "type": "string"
    },
    "wg_endpoint": {
      "value": "The Endpoint URL is 13.40.67.46:13231",
      "type": "string"
    }
  },
  "resources": [
    {
      "mode": "data",
      "type": "aws_ami",
      "name": "latest_ubuntu",
      "provider": "provider[\"registry.terraform.io/hashicorp/aws\"]",
      "instances": [
        {
          "schema_version": 0,
          "attributes": {
            "architecture": "x86_64",
            "arn": "arn:aws:ec2:eu-west-2::image/ami-0e5f882be1900e43b",
            "block_device_mappings": [
              {
                "device_name": "/dev/sda1",
                "ebs": {
                  "delete_on_termination": "true",
                  "encrypted": "false",
                  "iops": "0",
                  "snapshot_id": "snap-06005d129791946f1",
                  "throughput": "0",
                  "volume_size": "8",
                  "volume_type": "gp2"
                },
                "no_device": "",
                "virtual_name": ""
              },
              {
                "device_name": "/dev/sdb",
                "ebs": {},
                "no_device": "",
                "virtual_name": "ephemeral0"
              },
              {
                "device_name": "/dev/sdc",
                "ebs": {},
                "no_device": "",
                "virtual_name": "ephemeral1"
              }
            ],
            "boot_mode": "legacy-bios",
            "creation_date": "2023-12-07T03:26:59.000Z",
            "deprecation_time": "2025-12-07T03:26:59.000Z",
            "description": "Canonical, Ubuntu, 22.04 LTS, amd64 jammy image build on 2023-12-07",
            "ena_support": true,
            "executable_users": null,
            "filter": [
              {
                "name": "name",
                "values": [
                  "ubuntu/images/hvm-ssd/ubuntu-jammy-22.04-amd64-server-*"
                ]
              },
              {
                "name": "virtualization-type",
                "values": [
                  "hvm"
                ]
              }
            ],
            "hypervisor": "xen",
            "id": "ami-0e5f882be1900e43b",
            "image_id": "ami-0e5f882be1900e43b",
            "image_location": "amazon/ubuntu/images/hvm-ssd/ubuntu-jammy-22.04-amd64-server-20231207",
            "image_owner_alias": "amazon",
            "image_type": "machine",
            "imds_support": "",
            "include_deprecated": false,
            "kernel_id": "",
            "most_recent": true,
            "name": "ubuntu/images/hvm-ssd/ubuntu-jammy-22.04-amd64-server-20231207",
            "name_regex": null,
            "owner_id": "099720109477",
            "owners": [
              "099720109477"
            ],
            "platform": "",
            "platform_details": "Linux/UNIX",
            "product_codes": [],
            "public": true,
            "ramdisk_id": "",
            "root_device_name": "/dev/sda1",
            "root_device_type": "ebs",
            "root_snapshot_id": "snap-06005d129791946f1",
            "sriov_net_support": "simple",
            "state": "available",
            "state_reason": {
              "code": "UNSET",
              "message": "UNSET"
            },
            "tags": {},
            "timeouts": null,
            "tpm_support": "",
            "usage_operation": "RunInstances",
            "virtualization_type": "hvm"
          },
          "sensitive_attributes": []
        }
      ]
    },
    {
      "mode": "data",
      "type": "http",
      "name": "outbound_ip",
      "provider": "provider[\"registry.terraform.io/hashicorp/http\"]",
      "instances": [
        {
          "schema_version": 0,
          "attributes": {
            "body": "82.21.53.106\n",
            "ca_cert_pem": null,
            "id": "http://ipv4.icanhazip.com",
            "insecure": null,
            "method": null,
            "request_body": null,
            "request_headers": null,
            "request_timeout_ms": null,
            "response_body": "82.21.53.106\n",
            "response_body_base64": "ODIuMjEuNTMuMTA2Cg==",
            "response_headers": {
              "Access-Control-Allow-Methods": "GET",
              "Access-Control-Allow-Origin": "*",
              "Alt-Svc": "h3=\":443\"; ma=86400",
              "Cf-Ray": "834edced7e526ab2-MAN",
              "Connection": "keep-alive",
              "Content-Length": "13",
              "Content-Type": "text/plain",
              "Date": "Wed, 13 Dec 2023 14:23:05 GMT",
              "Server": "cloudflare",
              "Set-Cookie": "__cf_bm=Uw.gjwqiqYsr3M9O7TW67adWhwzSMJKNv4hoqaJs_74-1702477385-1-Ac1PCI4FaCTOfkwdK63siUNagBJarDQ+TbsGg4jXvLIZ10yAk4ukMFfSFQgJJhZ7fU99a7t3s79+hecch21U+U4=; path=/; expires=Wed, 13-Dec-23 14:53:05 GMT; domain=.icanhazip.com; HttpOnly; SameSite=None",
              "Vary": "Accept-Encoding"
            },
            "retry": null,
            "status_code": 200,
            "url": "http://ipv4.icanhazip.com"
          },
          "sensitive_attributes": []
        }
      ]
    },
    {
      "mode": "managed",
      "type": "aws_instance",
      "name": "edr_wg_instance",
      "provider": "provider[\"registry.terraform.io/hashicorp/aws\"]",
      "instances": [
        {
          "schema_version": 1,
          "attributes": {
            "ami": "ami-0e5f882be1900e43b",
            "arn": "arn:aws:ec2:eu-west-2:540622579701:instance/i-077c8de5e6cd31ec4",
            "associate_public_ip_address": true,
            "availability_zone": "eu-west-2a",
            "capacity_reservation_specification": [
              {
                "capacity_reservation_preference": "open",
                "capacity_reservation_target": []
              }
            ],
            "cpu_core_count": 1,
            "cpu_options": [
              {
                "amd_sev_snp": "",
                "core_count": 1,
                "threads_per_core": 2
              }
            ],
            "cpu_threads_per_core": 2,
            "credit_specification": [
              {
                "cpu_credits": "unlimited"
              }
            ],
            "disable_api_stop": false,
            "disable_api_termination": false,
            "ebs_block_device": [],
            "ebs_optimized": false,
            "enclave_options": [
              {
                "enabled": false
              }
            ],
            "ephemeral_block_device": [],
            "get_password_data": false,
            "hibernation": false,
            "host_id": "",
            "host_resource_group_arn": null,
            "iam_instance_profile": "",
            "id": "i-077c8de5e6cd31ec4",
            "instance_initiated_shutdown_behavior": "stop",
            "instance_lifecycle": "",
            "instance_market_options": [],
            "instance_state": "running",
            "instance_type": "t3.micro",
            "ipv6_address_count": 0,
            "ipv6_addresses": [],
            "key_name": "edr_test_wg_ssh_key892617ed",
            "launch_template": [],
            "maintenance_options": [
              {
                "auto_recovery": "default"
              }
            ],
            "metadata_options": [
              {
                "http_endpoint": "enabled",
                "http_protocol_ipv6": "disabled",
                "http_put_response_hop_limit": 1,
                "http_tokens": "optional",
                "instance_metadata_tags": "disabled"
              }
            ],
            "monitoring": false,
            "network_interface": [],
            "outpost_arn": "",
            "password_data": "",
            "placement_group": "",
            "placement_partition_number": 0,
            "primary_network_interface_id": "eni-09d06bd27dec03551",
            "private_dns": "ip-192-168-2-155.eu-west-2.compute.internal",
            "private_dns_name_options": [
              {
                "enable_resource_name_dns_a_record": false,
                "enable_resource_name_dns_aaaa_record": false,
                "hostname_type": "ip-name"
              }
            ],
            "private_ip": "192.168.2.155",
            "public_dns": "ec2-13-40-67-46.eu-west-2.compute.amazonaws.com",
            "public_ip": "13.40.67.46",
            "root_block_device": [
              {
                "delete_on_termination": true,
                "device_name": "/dev/sda1",
                "encrypted": false,
                "iops": 100,
                "kms_key_id": "",
                "tags": {},
                "throughput": 0,
                "volume_id": "vol-05a1e861030917ad0",
                "volume_size": 8,
                "volume_type": "gp2"
              }
            ],
            "secondary_private_ips": [],
            "security_groups": [],
            "source_dest_check": true,
            "spot_instance_request_id": "",
            "subnet_id": "subnet-0d731f19393c911e6",
            "tags": {
              "Creator": "Ed Randall | ed.randall@neo4j.com | +44 7766 741118",
              "Name": "edr_test_instance",
              "Terraform": "true"
            },
            "tags_all": {
              "Creator": "Ed Randall | ed.randall@neo4j.com | +44 7766 741118",
              "Name": "edr_test_instance",
              "Terraform": "true"
            },
            "tenancy": "default",
            "timeouts": null,
            "user_data": "8011b5ae8eff4ae9cf9483d4135515d5aa190e10",
            "user_data_base64": null,
            "user_data_replace_on_change": false,
            "volume_tags": null,
            "vpc_security_group_ids": [
              "sg-0133c5ee8fa059cdd"
            ]
          },
          "sensitive_attributes": [],
          "private": "eyJlMmJmYjczMC1lY2FhLTExZTYtOGY4OC0zNDM2M2JjN2M0YzAiOnsiY3JlYXRlIjo2MDAwMDAwMDAwMDAsImRlbGV0ZSI6MTIwMDAwMDAwMDAwMCwidXBkYXRlIjo2MDAwMDAwMDAwMDB9LCJzY2hlbWFfdmVyc2lvbiI6IjEifQ==",
          "dependencies": [
            "aws_key_pair.edr_wg_keypair",
            "aws_security_group.edr_wg_sg",
            "aws_subnet.edr_wg_public_subnet",
            "aws_vpc.edr_wg_vpc",
            "data.aws_ami.latest_ubuntu"
          ]
        }
      ]
    },
    {
      "mode": "managed",
      "type": "aws_internet_gateway",
      "name": "edr_wg_igw",
      "provider": "provider[\"registry.terraform.io/hashicorp/aws\"]",
      "instances": [
        {
          "schema_version": 0,
          "attributes": {
            "arn": "arn:aws:ec2:eu-west-2:540622579701:internet-gateway/igw-0ddcdd6f8f8bfb5b4",
            "id": "igw-0ddcdd6f8f8bfb5b4",
            "owner_id": "540622579701",
            "tags": {
              "Creator": "Ed Randall | ed.randall@neo4j.com | +44 7766 741118",
              "Name": "edr_test_vpc_igw",
              "Terraform": "true"
            },
            "tags_all": {
              "Creator": "Ed Randall | ed.randall@neo4j.com | +44 7766 741118",
              "Name": "edr_test_vpc_igw",
              "Terraform": "true"
            },
            "timeouts": null,
            "vpc_id": "vpc-04e5055d83779e8d9"
          },
          "sensitive_attributes": [],
          "private": "eyJlMmJmYjczMC1lY2FhLTExZTYtOGY4OC0zNDM2M2JjN2M0YzAiOnsiY3JlYXRlIjoxMjAwMDAwMDAwMDAwLCJkZWxldGUiOjEyMDAwMDAwMDAwMDAsInVwZGF0ZSI6MTIwMDAwMDAwMDAwMH19",
          "dependencies": [
            "aws_vpc.edr_wg_vpc"
          ]
        }
      ]
    },
    {
      "mode": "managed",
      "type": "aws_key_pair",
      "name": "edr_wg_keypair",
      "provider": "provider[\"registry.terraform.io/hashicorp/aws\"]",
      "instances": [
        {
          "schema_version": 1,
          "attributes": {
            "arn": "arn:aws:ec2:eu-west-2:540622579701:key-pair/edr_test_wg_ssh_key892617ed",
            "fingerprint": "7e:36:5c:cb:c3:27:04:09:9d:ba:72:6a:d9:ea:e8:64",
            "id": "edr_test_wg_ssh_key892617ed",
            "key_name": "edr_test_wg_ssh_key892617ed",
            "key_name_prefix": "",
            "key_pair_id": "key-0ffc8425e7d1047ff",
            "key_type": "rsa",
            "public_key": "ssh-rsa AAAAB3NzaC1yc2EAAAADAQABAAACAQC0A7MSHKsrVTiPHaPqfDaWH9SmpY6lsj5lGHqLIkvQ5oCXVPcxW8iGzK11k4/MoVTFEQm56B6k2fjxpPgf50Uo1nHvF4z8z1lmZeejn/5HuYhvlz0nEjdP9PxXQD0xGSgRENMVcLwAO2tsRF7ynLtGS59aPspwrP6SwX+pWwOdRHAb1TqPaqwYKLfcMXzmkEp2gNBo1ENirDpoADvqyXf4KhuwGCCTF8h1iZQcgUpPXhp3LNmOxY4fqMJajofYiwYOi5YgK/0gk7UoFur14wFtXGneXnOe1J9KXIHnPuGNWaL+0Qcn+5iZbceP7WQ96Pl4fwYTXoYT8betqqJuT56xMSXEDYGQaKwyDWj21dBO9MsdunHqYzg4bDXA5zUt8/7cbiI3ep2jRL+0CzXdRO29O8/ESVJClQsPW7pGXSfnVuLfv4BFL8h51NeWG2o9pZG7TiqMhxkrdF4HH5Gh1qxzPguzMsT7QWoMgatiXI6ocxZTXOWi5bJXZviWh5BafCoYwRQ9y3Ow3e4OFzNsDu1on0+GpY0Aq+LDzQby1n5ZauFzzQl7DZvgeL+jIsYTGr5kefz1ClY1TpGPvZb/H07MdlUF3Iq/V8UpfLZgUrcgRyonzKlDxsGDDEug7IOklknBLvgoQAO5wbhHUuU91GSa1oihVEnG5gkDKEn1oo/XCQ== key_2023-12-11_2226",
            "tags": {
              "Creator": "Ed Randall | ed.randall@neo4j.com | +44 7766 741118",
              "Name": "edr_test_wg_keypair",
              "Terraform": "true"
            },
            "tags_all": {
              "Creator": "Ed Randall | ed.randall@neo4j.com | +44 7766 741118",
              "Name": "edr_test_wg_keypair",
              "Terraform": "true"
            }
          },
          "sensitive_attributes": [],
          "private": "eyJzY2hlbWFfdmVyc2lvbiI6IjEifQ==",
          "dependencies": [
            "random_id.edr_wg_keypair"
          ]
        }
      ]
    },
    {
      "mode": "managed",
      "type": "aws_route",
      "name": "edr_wg_public_subnet_route",
      "provider": "provider[\"registry.terraform.io/hashicorp/aws\"]",
      "instances": [
        {
          "schema_version": 0,
          "attributes": {
            "carrier_gateway_id": "",
            "core_network_arn": "",
            "destination_cidr_block": "0.0.0.0/0",
            "destination_ipv6_cidr_block": "",
            "destination_prefix_list_id": "",
            "egress_only_gateway_id": "",
            "gateway_id": "igw-0ddcdd6f8f8bfb5b4",
            "id": "r-rtb-0e1c95b160d8a0d1c1080289494",
            "instance_id": "",
            "instance_owner_id": "",
            "local_gateway_id": "",
            "nat_gateway_id": "",
            "network_interface_id": "",
            "origin": "CreateRoute",
            "route_table_id": "rtb-0e1c95b160d8a0d1c",
            "state": "active",
            "timeouts": null,
            "transit_gateway_id": "",
            "vpc_endpoint_id": "",
            "vpc_peering_connection_id": ""
          },
          "sensitive_attributes": [],
          "private": "eyJlMmJmYjczMC1lY2FhLTExZTYtOGY4OC0zNDM2M2JjN2M0YzAiOnsiY3JlYXRlIjozMDAwMDAwMDAwMDAsImRlbGV0ZSI6MzAwMDAwMDAwMDAwLCJ1cGRhdGUiOjEyMDAwMDAwMDAwMH19",
          "dependencies": [
            "aws_internet_gateway.edr_wg_igw",
            "aws_route_table.edr_wg_public_subnet_rt",
            "aws_vpc.edr_wg_vpc"
          ]
        }
      ]
    },
    {
      "mode": "managed",
      "type": "aws_route_table",
      "name": "edr_wg_public_subnet_rt",
      "provider": "provider[\"registry.terraform.io/hashicorp/aws\"]",
      "instances": [
        {
          "schema_version": 0,
          "attributes": {
            "arn": "arn:aws:ec2:eu-west-2:540622579701:route-table/rtb-0e1c95b160d8a0d1c",
            "id": "rtb-0e1c95b160d8a0d1c",
            "owner_id": "540622579701",
            "propagating_vgws": [],
            "route": [],
            "tags": {
              "Creator": "Ed Randall | ed.randall@neo4j.com | +44 7766 741118",
              "Name": "edr_test_public_subnet_rt",
              "Terraform": "true"
            },
            "tags_all": {
              "Creator": "Ed Randall | ed.randall@neo4j.com | +44 7766 741118",
              "Name": "edr_test_public_subnet_rt",
              "Terraform": "true"
            },
            "timeouts": null,
            "vpc_id": "vpc-04e5055d83779e8d9"
          },
          "sensitive_attributes": [],
          "private": "eyJlMmJmYjczMC1lY2FhLTExZTYtOGY4OC0zNDM2M2JjN2M0YzAiOnsiY3JlYXRlIjozMDAwMDAwMDAwMDAsImRlbGV0ZSI6MzAwMDAwMDAwMDAwLCJ1cGRhdGUiOjEyMDAwMDAwMDAwMH19",
          "dependencies": [
            "aws_vpc.edr_wg_vpc"
          ]
        }
      ]
    },
    {
      "mode": "managed",
      "type": "aws_route_table_association",
      "name": "edr_wg_route_assoc",
      "provider": "provider[\"registry.terraform.io/hashicorp/aws\"]",
      "instances": [
        {
          "schema_version": 0,
          "attributes": {
            "gateway_id": "",
            "id": "rtbassoc-0ef0082c25bc3898f",
            "route_table_id": "rtb-0e1c95b160d8a0d1c",
            "subnet_id": "subnet-0d731f19393c911e6",
            "timeouts": null
          },
          "sensitive_attributes": [],
          "private": "eyJlMmJmYjczMC1lY2FhLTExZTYtOGY4OC0zNDM2M2JjN2M0YzAiOnsiY3JlYXRlIjozMDAwMDAwMDAwMDAsImRlbGV0ZSI6MzAwMDAwMDAwMDAwLCJ1cGRhdGUiOjEyMDAwMDAwMDAwMH19",
          "dependencies": [
            "aws_route_table.edr_wg_public_subnet_rt",
            "aws_subnet.edr_wg_public_subnet",
            "aws_vpc.edr_wg_vpc"
          ]
        }
      ]
    },
    {
      "mode": "managed",
      "type": "aws_security_group",
      "name": "edr_wg_sg",
      "provider": "provider[\"registry.terraform.io/hashicorp/aws\"]",
      "instances": [
        {
          "schema_version": 1,
          "attributes": {
            "arn": "arn:aws:ec2:eu-west-2:540622579701:security-group/sg-0133c5ee8fa059cdd",
            "description": "Managed by Terraform",
            "egress": [
              {
                "cidr_blocks": [
                  "0.0.0.0/0"
                ],
                "description": "",
                "from_port": 0,
                "ipv6_cidr_blocks": [],
                "prefix_list_ids": [],
                "protocol": "-1",
                "security_groups": [],
                "self": false,
                "to_port": 0
              }
            ],
            "id": "sg-0133c5ee8fa059cdd",
            "ingress": [
              {
                "cidr_blocks": [
                  "0.0.0.0/0"
                ],
                "description": "",
                "from_port": 13231,
                "ipv6_cidr_blocks": [],
                "prefix_list_ids": [],
                "protocol": "udp",
                "security_groups": [],
                "self": false,
                "to_port": 13231
              },
              {
                "cidr_blocks": [
                  "192.168.0.0/16"
                ],
                "description": "",
                "from_port": 0,
                "ipv6_cidr_blocks": [],
                "prefix_list_ids": [],
                "protocol": "-1",
                "security_groups": [],
                "self": false,
                "to_port": 0
              },
              {
                "cidr_blocks": [
                  "82.21.53.106/32"
                ],
                "description": "",
                "from_port": 22,
                "ipv6_cidr_blocks": [],
                "prefix_list_ids": [],
                "protocol": "tcp",
                "security_groups": [],
                "self": false,
                "to_port": 22
              }
            ],
            "name": "edr_wg_sg",
            "name_prefix": "",
            "owner_id": "540622579701",
            "revoke_rules_on_delete": false,
            "tags": {
              "Creator": "Ed Randall | ed.randall@neo4j.com | +44 7766 741118",
              "Name": "ed_wg_sg",
              "Terraform": "true"
            },
            "tags_all": {
              "Creator": "Ed Randall | ed.randall@neo4j.com | +44 7766 741118",
              "Name": "ed_wg_sg",
              "Terraform": "true"
            },
            "timeouts": null,
            "vpc_id": "vpc-04e5055d83779e8d9"
          },
          "sensitive_attributes": [],
          "private": "eyJlMmJmYjczMC1lY2FhLTExZTYtOGY4OC0zNDM2M2JjN2M0YzAiOnsiY3JlYXRlIjo2MDAwMDAwMDAwMDAsImRlbGV0ZSI6OTAwMDAwMDAwMDAwfSwic2NoZW1hX3ZlcnNpb24iOiIxIn0=",
          "dependencies": [
            "aws_vpc.edr_wg_vpc"
          ]
        }
      ]
    },
    {
      "mode": "managed",
      "type": "aws_subnet",
      "name": "edr_wg_public_subnet",
      "provider": "provider[\"registry.terraform.io/hashicorp/aws\"]",
      "instances": [
        {
          "schema_version": 1,
          "attributes": {
            "arn": "arn:aws:ec2:eu-west-2:540622579701:subnet/subnet-0d731f19393c911e6",
            "assign_ipv6_address_on_creation": false,
            "availability_zone": "eu-west-2a",
            "availability_zone_id": "euw2-az2",
            "cidr_block": "192.168.2.0/24",
            "customer_owned_ipv4_pool": "",
            "enable_dns64": false,
            "enable_lni_at_device_index": 0,
            "enable_resource_name_dns_a_record_on_launch": false,
            "enable_resource_name_dns_aaaa_record_on_launch": false,
            "id": "subnet-0d731f19393c911e6",
            "ipv6_cidr_block": "",
            "ipv6_cidr_block_association_id": "",
            "ipv6_native": false,
            "map_customer_owned_ip_on_launch": false,
            "map_public_ip_on_launch": true,
            "outpost_arn": "",
            "owner_id": "540622579701",
            "private_dns_hostname_type_on_launch": "ip-name",
            "tags": {
              "Creator": "Ed Randall | ed.randall@neo4j.com | +44 7766 741118",
              "Name": "edr_test_public_subnet",
              "Terraform": "true"
            },
            "tags_all": {
              "Creator": "Ed Randall | ed.randall@neo4j.com | +44 7766 741118",
              "Name": "edr_test_public_subnet",
              "Terraform": "true"
            },
            "timeouts": null,
            "vpc_id": "vpc-04e5055d83779e8d9"
          },
          "sensitive_attributes": [],
          "private": "eyJlMmJmYjczMC1lY2FhLTExZTYtOGY4OC0zNDM2M2JjN2M0YzAiOnsiY3JlYXRlIjo2MDAwMDAwMDAwMDAsImRlbGV0ZSI6MTIwMDAwMDAwMDAwMH0sInNjaGVtYV92ZXJzaW9uIjoiMSJ9",
          "dependencies": [
            "aws_vpc.edr_wg_vpc"
          ]
        }
      ]
    },
    {
      "mode": "managed",
      "type": "aws_vpc",
      "name": "edr_wg_vpc",
      "provider": "provider[\"registry.terraform.io/hashicorp/aws\"]",
      "instances": [
        {
          "schema_version": 1,
          "attributes": {
            "arn": "arn:aws:ec2:eu-west-2:540622579701:vpc/vpc-04e5055d83779e8d9",
            "assign_generated_ipv6_cidr_block": false,
            "cidr_block": "192.168.0.0/16",
            "default_network_acl_id": "acl-0350495b5e843ca67",
            "default_route_table_id": "rtb-0654735e48ad6eadb",
            "default_security_group_id": "sg-08acbdb2abc03d3ff",
            "dhcp_options_id": "dopt-948ffffc",
            "enable_dns_hostnames": true,
            "enable_dns_support": true,
            "enable_network_address_usage_metrics": false,
            "id": "vpc-04e5055d83779e8d9",
            "instance_tenancy": "default",
            "ipv4_ipam_pool_id": null,
            "ipv4_netmask_length": null,
            "ipv6_association_id": "",
            "ipv6_cidr_block": "",
            "ipv6_cidr_block_network_border_group": "",
            "ipv6_ipam_pool_id": "",
            "ipv6_netmask_length": 0,
            "main_route_table_id": "rtb-0654735e48ad6eadb",
            "owner_id": "540622579701",
            "tags": {
              "Creator": "Ed Randall | ed.randall@neo4j.com | +44 7766 741118",
              "Name": "edr_test_vpc",
              "Terraform": "true"
            },
            "tags_all": {
              "Creator": "Ed Randall | ed.randall@neo4j.com | +44 7766 741118",
              "Name": "edr_test_vpc",
              "Terraform": "true"
            }
          },
          "sensitive_attributes": [],
          "private": "eyJzY2hlbWFfdmVyc2lvbiI6IjEifQ=="
        }
      ]
    },
    {
      "mode": "managed",
      "type": "random_id",
      "name": "edr_wg_keypair",
      "provider": "provider[\"registry.terraform.io/hashicorp/random\"]",
      "instances": [
        {
          "schema_version": 0,
          "attributes": {
            "b64_std": "edr_test_wg_ssh_keyiSYX7Q==",
            "b64_url": "edr_test_wg_ssh_keyiSYX7Q",
            "byte_length": 4,
            "dec": "edr_test_wg_ssh_key2300975085",
            "hex": "edr_test_wg_ssh_key892617ed",
            "id": "iSYX7Q",
            "keepers": null,
            "prefix": "edr_test_wg_ssh_key"
          },
          "sensitive_attributes": []
        }
      ]
    }
  ],
  "check_results": null
}
